{
  "version": 4,
  "terraform_version": "0.15.5",
  "serial": 295,
  "lineage": "d63c0c34-dd54-27f8-993f-5fe43025d43a",
  "outputs": {
    "IP_IIS": {
      "value": "34.71.54.255",
      "type": "string"
    }
  },
  "resources": [
    {
      "mode": "data",
      "type": "template_file",
      "name": "script-monitora",
      "provider": "provider[\"registry.terraform.io/hashicorp/template\"]",
      "instances": [
        {
          "schema_version": 0,
          "attributes": {
            "filename": null,
            "id": "c9fff639c728c8e79816e4a4882036f03e8dce25d23f00a9a9df7f2b4aa32bd2",
            "rendered": "package main\n\nimport (\n\t\"fmt\"\n\t\"net/http\"\n)\n\nvar link = \"34.71.54.255\"\n\nfunc main() {\n\n\tsite := (\"https://\" + link)\n\tresposta, _ := http.Get(site)\n\n\tif resposta.StatusCode == 200 {\n\t\tfmt.Println(\"Acesso está OK! \\n --- \\n\", resposta)\n\t} else {\n\t\tfmt.Println(\"Falha ao acessar: \\n --- \\n\", resposta)\n\t}\n\n}\n",
            "template": "package main\n\nimport (\n\t\"fmt\"\n\t\"net/http\"\n)\n\nvar link = \"${url_instancia}\"\n\nfunc main() {\n\n\tsite := (\"https://\" + link)\n\tresposta, _ := http.Get(site)\n\n\tif resposta.StatusCode == 200 {\n\t\tfmt.Println(\"Acesso está OK! \\n --- \\n\", resposta)\n\t} else {\n\t\tfmt.Println(\"Falha ao acessar: \\n --- \\n\", resposta)\n\t}\n\n}\n",
            "vars": {
              "url_instancia": "34.71.54.255"
            }
          },
          "sensitive_attributes": []
        }
      ]
    },
    {
      "mode": "managed",
      "type": "google_compute_firewall",
      "name": "tcp-rule",
      "provider": "provider[\"registry.terraform.io/hashicorp/google\"]",
      "instances": [
        {
          "schema_version": 1,
          "attributes": {
            "allow": [
              {
                "ports": [
                  "0-65535"
                ],
                "protocol": "tcp"
              },
              {
                "ports": [
                  "0-65535"
                ],
                "protocol": "udp"
              },
              {
                "ports": [],
                "protocol": "icmp"
              }
            ],
            "creation_timestamp": "2022-05-18T07:59:07.427-07:00",
            "deny": [],
            "description": "",
            "destination_ranges": [],
            "direction": "INGRESS",
            "disabled": false,
            "enable_logging": null,
            "id": "projects/develop-348618/global/firewalls/iis-tcp-rule",
            "log_config": [],
            "name": "iis-tcp-rule",
            "network": "https://www.googleapis.com/compute/v1/projects/develop-348618/global/networks/iis-net-sql",
            "priority": 1000,
            "project": "develop-348618",
            "self_link": "https://www.googleapis.com/compute/v1/projects/develop-348618/global/firewalls/iis-tcp-rule",
            "source_ranges": [
              "10.3.0.0/24",
              "10.4.0.0/24"
            ],
            "source_service_accounts": null,
            "source_tags": null,
            "target_service_accounts": null,
            "target_tags": null,
            "timeouts": null
          },
          "sensitive_attributes": [],
          "private": "eyJlMmJmYjczMC1lY2FhLTExZTYtOGY4OC0zNDM2M2JjN2M0YzAiOnsiY3JlYXRlIjoxMjAwMDAwMDAwMDAwLCJkZWxldGUiOjEyMDAwMDAwMDAwMDAsInVwZGF0ZSI6MTIwMDAwMDAwMDAwMH0sInNjaGVtYV92ZXJzaW9uIjoiMSJ9",
          "dependencies": [
            "google_compute_network.sql"
          ]
        }
      ]
    },
    {
      "mode": "managed",
      "type": "google_compute_instance",
      "name": "instancia-iis",
      "provider": "provider[\"registry.terraform.io/hashicorp/google\"]",
      "instances": [
        {
          "schema_version": 6,
          "attributes": {
            "advanced_machine_features": [],
            "allow_stopping_for_update": null,
            "attached_disk": [],
            "boot_disk": [
              {
                "auto_delete": true,
                "device_name": "persistent-disk-0",
                "disk_encryption_key_raw": "",
                "disk_encryption_key_sha256": "",
                "initialize_params": [
                  {
                    "image": "https://www.googleapis.com/compute/v1/projects/windows-cloud/global/images/windows-server-20h2-dc-core-v20220414",
                    "labels": {},
                    "size": 40,
                    "type": "pd-standard"
                  }
                ],
                "kms_key_self_link": "",
                "mode": "READ_WRITE",
                "source": "https://www.googleapis.com/compute/v1/projects/develop-348618/zones/us-central1-a/disks/iis-lab-test1"
              }
            ],
            "can_ip_forward": false,
            "confidential_instance_config": [],
            "cpu_platform": "Intel Cascade Lake",
            "current_status": "RUNNING",
            "deletion_protection": false,
            "description": "",
            "desired_status": null,
            "enable_display": false,
            "guest_accelerator": [],
            "hostname": "",
            "id": "projects/develop-348618/zones/us-central1-a/instances/iis-lab-test1",
            "instance_id": "109966172550117236",
            "label_fingerprint": "42WmSpB8rSM=",
            "labels": null,
            "machine_type": "n2-highcpu-4",
            "metadata": null,
            "metadata_fingerprint": "UgkmwVyfxJ0=",
            "metadata_startup_script": null,
            "min_cpu_platform": "",
            "name": "iis-lab-test1",
            "network_interface": [
              {
                "access_config": [
                  {
                    "nat_ip": "34.71.54.255",
                    "network_tier": "PREMIUM",
                    "public_ptr_domain_name": ""
                  }
                ],
                "alias_ip_range": [],
                "ipv6_access_config": [],
                "ipv6_access_type": "",
                "name": "nic0",
                "network": "https://www.googleapis.com/compute/v1/projects/develop-348618/global/networks/default",
                "network_ip": "10.128.0.48",
                "nic_type": "",
                "queue_count": 0,
                "stack_type": "IPV4_ONLY",
                "subnetwork": "https://www.googleapis.com/compute/v1/projects/develop-348618/regions/us-central1/subnetworks/default",
                "subnetwork_project": "develop-348618"
              }
            ],
            "project": "develop-348618",
            "reservation_affinity": [],
            "resource_policies": null,
            "scheduling": [
              {
                "automatic_restart": true,
                "min_node_cpus": 0,
                "node_affinities": [],
                "on_host_maintenance": "MIGRATE",
                "preemptible": false
              }
            ],
            "scratch_disk": [],
            "self_link": "https://www.googleapis.com/compute/v1/projects/develop-348618/zones/us-central1-a/instances/iis-lab-test1",
            "service_account": [
              {
                "email": "197441797663-compute@developer.gserviceaccount.com",
                "scopes": [
                  "https://www.googleapis.com/auth/compute.readonly",
                  "https://www.googleapis.com/auth/devstorage.read_only",
                  "https://www.googleapis.com/auth/userinfo.email"
                ]
              }
            ],
            "shielded_instance_config": [
              {
                "enable_integrity_monitoring": true,
                "enable_secure_boot": false,
                "enable_vtpm": true
              }
            ],
            "tags": null,
            "tags_fingerprint": "42WmSpB8rSM=",
            "timeouts": null,
            "zone": "us-central1-a"
          },
          "sensitive_attributes": [],
          "private": "eyJlMmJmYjczMC1lY2FhLTExZTYtOGY4OC0zNDM2M2JjN2M0YzAiOnsiY3JlYXRlIjoxMjAwMDAwMDAwMDAwLCJkZWxldGUiOjEyMDAwMDAwMDAwMDAsInVwZGF0ZSI6MTIwMDAwMDAwMDAwMH0sInNjaGVtYV92ZXJzaW9uIjoiNiJ9"
        }
      ]
    },
    {
      "mode": "managed",
      "type": "google_compute_instance",
      "name": "instancia-sql",
      "provider": "provider[\"registry.terraform.io/hashicorp/google\"]",
      "instances": [
        {
          "index_key": "bookshelf-sql1",
          "schema_version": 6,
          "attributes": {
            "advanced_machine_features": [],
            "allow_stopping_for_update": null,
            "attached_disk": [],
            "boot_disk": [
              {
                "auto_delete": true,
                "device_name": "persistent-disk-0",
                "disk_encryption_key_raw": "",
                "disk_encryption_key_sha256": "",
                "initialize_params": [
                  {
                    "image": "https://www.googleapis.com/compute/v1/projects/windows-sql-cloud/global/images/sql-2019-standard-windows-2022-dc-v20220418",
                    "labels": {},
                    "size": 50,
                    "type": "pd-standard"
                  }
                ],
                "kms_key_self_link": "",
                "mode": "READ_WRITE",
                "source": "https://www.googleapis.com/compute/v1/projects/develop-348618/zones/us-central1-a/disks/bookshelf-sql1"
              }
            ],
            "can_ip_forward": false,
            "confidential_instance_config": [],
            "cpu_platform": "Intel Haswell",
            "current_status": "RUNNING",
            "deletion_protection": false,
            "description": "",
            "desired_status": null,
            "enable_display": false,
            "guest_accelerator": [],
            "hostname": "",
            "id": "projects/develop-348618/zones/us-central1-a/instances/bookshelf-sql1",
            "instance_id": "5149509789258659700",
            "label_fingerprint": "42WmSpB8rSM=",
            "labels": null,
            "machine_type": "n1-highmem-4",
            "metadata": null,
            "metadata_fingerprint": "UgkmwVyfxJ0=",
            "metadata_startup_script": null,
            "min_cpu_platform": "",
            "name": "bookshelf-sql1",
            "network_interface": [
              {
                "access_config": [
                  {
                    "nat_ip": "104.198.173.53",
                    "network_tier": "PREMIUM",
                    "public_ptr_domain_name": ""
                  }
                ],
                "alias_ip_range": [],
                "ipv6_access_config": [],
                "ipv6_access_type": "",
                "name": "nic0",
                "network": "https://www.googleapis.com/compute/v1/projects/develop-348618/global/networks/default",
                "network_ip": "10.128.0.46",
                "nic_type": "",
                "queue_count": 0,
                "stack_type": "IPV4_ONLY",
                "subnetwork": "https://www.googleapis.com/compute/v1/projects/develop-348618/regions/us-central1/subnetworks/default",
                "subnetwork_project": "develop-348618"
              }
            ],
            "project": "develop-348618",
            "reservation_affinity": [],
            "resource_policies": null,
            "scheduling": [
              {
                "automatic_restart": true,
                "min_node_cpus": 0,
                "node_affinities": [],
                "on_host_maintenance": "MIGRATE",
                "preemptible": false
              }
            ],
            "scratch_disk": [],
            "self_link": "https://www.googleapis.com/compute/v1/projects/develop-348618/zones/us-central1-a/instances/bookshelf-sql1",
            "service_account": [
              {
                "email": "197441797663-compute@developer.gserviceaccount.com",
                "scopes": [
                  "https://www.googleapis.com/auth/compute.readonly",
                  "https://www.googleapis.com/auth/devstorage.read_only",
                  "https://www.googleapis.com/auth/userinfo.email"
                ]
              }
            ],
            "shielded_instance_config": [
              {
                "enable_integrity_monitoring": true,
                "enable_secure_boot": false,
                "enable_vtpm": true
              }
            ],
            "tags": null,
            "tags_fingerprint": "42WmSpB8rSM=",
            "timeouts": null,
            "zone": "us-central1-a"
          },
          "sensitive_attributes": [],
          "private": "eyJlMmJmYjczMC1lY2FhLTExZTYtOGY4OC0zNDM2M2JjN2M0YzAiOnsiY3JlYXRlIjoxMjAwMDAwMDAwMDAwLCJkZWxldGUiOjEyMDAwMDAwMDAwMDAsInVwZGF0ZSI6MTIwMDAwMDAwMDAwMH0sInNjaGVtYV92ZXJzaW9uIjoiNiJ9"
        },
        {
          "index_key": "bookshelf-sql2",
          "schema_version": 6,
          "attributes": {
            "advanced_machine_features": [],
            "allow_stopping_for_update": null,
            "attached_disk": [],
            "boot_disk": [
              {
                "auto_delete": true,
                "device_name": "persistent-disk-0",
                "disk_encryption_key_raw": "",
                "disk_encryption_key_sha256": "",
                "initialize_params": [
                  {
                    "image": "https://www.googleapis.com/compute/v1/projects/windows-sql-cloud/global/images/sql-2019-standard-windows-2022-dc-v20220418",
                    "labels": {},
                    "size": 50,
                    "type": "pd-standard"
                  }
                ],
                "kms_key_self_link": "",
                "mode": "READ_WRITE",
                "source": "https://www.googleapis.com/compute/v1/projects/develop-348618/zones/us-central1-a/disks/bookshelf-sql2"
              }
            ],
            "can_ip_forward": false,
            "confidential_instance_config": [],
            "cpu_platform": "Intel Haswell",
            "current_status": "RUNNING",
            "deletion_protection": false,
            "description": "",
            "desired_status": null,
            "enable_display": false,
            "guest_accelerator": [],
            "hostname": "",
            "id": "projects/develop-348618/zones/us-central1-a/instances/bookshelf-sql2",
            "instance_id": "3678309694527027060",
            "label_fingerprint": "42WmSpB8rSM=",
            "labels": null,
            "machine_type": "n1-highmem-4",
            "metadata": null,
            "metadata_fingerprint": "UgkmwVyfxJ0=",
            "metadata_startup_script": null,
            "min_cpu_platform": "",
            "name": "bookshelf-sql2",
            "network_interface": [
              {
                "access_config": [
                  {
                    "nat_ip": "35.238.126.177",
                    "network_tier": "PREMIUM",
                    "public_ptr_domain_name": ""
                  }
                ],
                "alias_ip_range": [],
                "ipv6_access_config": [],
                "ipv6_access_type": "",
                "name": "nic0",
                "network": "https://www.googleapis.com/compute/v1/projects/develop-348618/global/networks/default",
                "network_ip": "10.128.0.47",
                "nic_type": "",
                "queue_count": 0,
                "stack_type": "IPV4_ONLY",
                "subnetwork": "https://www.googleapis.com/compute/v1/projects/develop-348618/regions/us-central1/subnetworks/default",
                "subnetwork_project": "develop-348618"
              }
            ],
            "project": "develop-348618",
            "reservation_affinity": [],
            "resource_policies": null,
            "scheduling": [
              {
                "automatic_restart": true,
                "min_node_cpus": 0,
                "node_affinities": [],
                "on_host_maintenance": "MIGRATE",
                "preemptible": false
              }
            ],
            "scratch_disk": [],
            "self_link": "https://www.googleapis.com/compute/v1/projects/develop-348618/zones/us-central1-a/instances/bookshelf-sql2",
            "service_account": [
              {
                "email": "197441797663-compute@developer.gserviceaccount.com",
                "scopes": [
                  "https://www.googleapis.com/auth/compute.readonly",
                  "https://www.googleapis.com/auth/devstorage.read_only",
                  "https://www.googleapis.com/auth/userinfo.email"
                ]
              }
            ],
            "shielded_instance_config": [
              {
                "enable_integrity_monitoring": true,
                "enable_secure_boot": false,
                "enable_vtpm": true
              }
            ],
            "tags": null,
            "tags_fingerprint": "42WmSpB8rSM=",
            "timeouts": null,
            "zone": "us-central1-a"
          },
          "sensitive_attributes": [],
          "private": "eyJlMmJmYjczMC1lY2FhLTExZTYtOGY4OC0zNDM2M2JjN2M0YzAiOnsiY3JlYXRlIjoxMjAwMDAwMDAwMDAwLCJkZWxldGUiOjEyMDAwMDAwMDAwMDAsInVwZGF0ZSI6MTIwMDAwMDAwMDAwMH0sInNjaGVtYV92ZXJzaW9uIjoiNiJ9"
        }
      ]
    },
    {
      "mode": "managed",
      "type": "google_compute_network",
      "name": "sql",
      "provider": "provider[\"registry.terraform.io/hashicorp/google\"]",
      "instances": [
        {
          "schema_version": 0,
          "attributes": {
            "auto_create_subnetworks": true,
            "delete_default_routes_on_create": false,
            "description": "",
            "gateway_ipv4": "",
            "id": "projects/develop-348618/global/networks/iis-net-sql",
            "mtu": 0,
            "name": "iis-net-sql",
            "project": "develop-348618",
            "routing_mode": "REGIONAL",
            "self_link": "https://www.googleapis.com/compute/v1/projects/develop-348618/global/networks/iis-net-sql",
            "timeouts": null
          },
          "sensitive_attributes": [],
          "private": "eyJlMmJmYjczMC1lY2FhLTExZTYtOGY4OC0zNDM2M2JjN2M0YzAiOnsiY3JlYXRlIjoxMjAwMDAwMDAwMDAwLCJkZWxldGUiOjEyMDAwMDAwMDAwMDAsInVwZGF0ZSI6MTIwMDAwMDAwMDAwMH19"
        }
      ]
    },
    {
      "mode": "managed",
      "type": "google_compute_subnetwork",
      "name": "sql1",
      "provider": "provider[\"registry.terraform.io/hashicorp/google\"]",
      "instances": [
        {
          "schema_version": 0,
          "attributes": {
            "creation_timestamp": "2022-05-18T07:59:07.621-07:00",
            "description": "",
            "external_ipv6_prefix": "",
            "fingerprint": null,
            "gateway_address": "10.3.0.1",
            "id": "projects/develop-348618/regions/us-central1/subnetworks/private-sql-1",
            "ip_cidr_range": "10.3.0.0/24",
            "ipv6_access_type": "",
            "ipv6_cidr_range": "",
            "log_config": [],
            "name": "private-sql-1",
            "network": "https://www.googleapis.com/compute/v1/projects/develop-348618/global/networks/iis-net-sql",
            "private_ip_google_access": false,
            "private_ipv6_google_access": "DISABLE_GOOGLE_ACCESS",
            "project": "develop-348618",
            "purpose": "PRIVATE",
            "region": "us-central1",
            "role": "",
            "secondary_ip_range": [],
            "self_link": "https://www.googleapis.com/compute/v1/projects/develop-348618/regions/us-central1/subnetworks/private-sql-1",
            "stack_type": "IPV4_ONLY",
            "timeouts": null
          },
          "sensitive_attributes": [],
          "private": "eyJlMmJmYjczMC1lY2FhLTExZTYtOGY4OC0zNDM2M2JjN2M0YzAiOnsiY3JlYXRlIjoxMjAwMDAwMDAwMDAwLCJkZWxldGUiOjEyMDAwMDAwMDAwMDAsInVwZGF0ZSI6MTIwMDAwMDAwMDAwMH19",
          "dependencies": [
            "google_compute_network.sql"
          ]
        }
      ]
    },
    {
      "mode": "managed",
      "type": "google_compute_subnetwork",
      "name": "sql2",
      "provider": "provider[\"registry.terraform.io/hashicorp/google\"]",
      "instances": [
        {
          "schema_version": 0,
          "attributes": {
            "creation_timestamp": "2022-05-18T07:59:07.519-07:00",
            "description": "",
            "external_ipv6_prefix": "",
            "fingerprint": null,
            "gateway_address": "10.4.0.1",
            "id": "projects/develop-348618/regions/us-central1/subnetworks/private-sql-2",
            "ip_cidr_range": "10.4.0.0/24",
            "ipv6_access_type": "",
            "ipv6_cidr_range": "",
            "log_config": [],
            "name": "private-sql-2",
            "network": "https://www.googleapis.com/compute/v1/projects/develop-348618/global/networks/iis-net-sql",
            "private_ip_google_access": false,
            "private_ipv6_google_access": "DISABLE_GOOGLE_ACCESS",
            "project": "develop-348618",
            "purpose": "PRIVATE",
            "region": "us-central1",
            "role": "",
            "secondary_ip_range": [],
            "self_link": "https://www.googleapis.com/compute/v1/projects/develop-348618/regions/us-central1/subnetworks/private-sql-2",
            "stack_type": "IPV4_ONLY",
            "timeouts": null
          },
          "sensitive_attributes": [],
          "private": "eyJlMmJmYjczMC1lY2FhLTExZTYtOGY4OC0zNDM2M2JjN2M0YzAiOnsiY3JlYXRlIjoxMjAwMDAwMDAwMDAwLCJkZWxldGUiOjEyMDAwMDAwMDAwMDAsInVwZGF0ZSI6MTIwMDAwMDAwMDAwMH19",
          "dependencies": [
            "google_compute_network.sql"
          ]
        }
      ]
    },
    {
      "mode": "managed",
      "type": "local_file",
      "name": "monitora",
      "provider": "provider[\"registry.terraform.io/hashicorp/local\"]",
      "instances": [
        {
          "schema_version": 0,
          "attributes": {
            "content": "package main\n\nimport (\n\t\"fmt\"\n\t\"net/http\"\n)\n\nvar link = \"34.71.54.255\"\n\nfunc main() {\n\n\tsite := (\"https://\" + link)\n\tresposta, _ := http.Get(site)\n\n\tif resposta.StatusCode == 200 {\n\t\tfmt.Println(\"Acesso está OK! \\n --- \\n\", resposta)\n\t} else {\n\t\tfmt.Println(\"Falha ao acessar: \\n --- \\n\", resposta)\n\t}\n\n}\n",
            "content_base64": null,
            "directory_permission": "0777",
            "file_permission": "0777",
            "filename": "./monitora.go",
            "id": "15e15ef414288a563d593b151a54d08341be32d2",
            "sensitive_content": null,
            "source": null
          },
          "sensitive_attributes": [],
          "private": "bnVsbA==",
          "dependencies": [
            "data.template_file.script-monitora",
            "google_compute_instance.instancia-iis"
          ]
        }
      ]
    }
  ]
}
