{
  "version": 4,
  "terraform_version": "0.15.5",
  "serial": 105,
  "lineage": "d63c0c34-dd54-27f8-993f-5fe43025d43a",
  "outputs": {
    "IP_IIS": {
      "value": "35.239.171.109",
      "type": "string"
    }
  },
  "resources": [
    {
      "mode": "data",
      "type": "template_file",
      "name": "script-monitora",
      "provider": "provider[\"registry.terraform.io/hashicorp/template\"]",
      "instances": [
        {
          "schema_version": 0,
          "attributes": {
            "filename": null,
            "id": "a8aa978027c6f5f9fb9b787728ae30156a68757c05f8fbe04d7230dcae8e6609",
            "rendered": "package main\n\nimport (\n\t\"fmt\"\n\t\"net/http\"\n)\n\nvar link = \"35.239.171.109\"\n\nfunc main() {\n\n\tsite := (\"https://\" + link)\n\tresposta, _ := http.Get(site)\n\n\tif resposta.StatusCode == 200 {\n\t\tfmt.Println(\"Acesso está OK! \\n --- \\n\", resposta)\n\t} else {\n\t\tfmt.Println(\"Falha ao acessar: \\n --- \\n\", resposta)\n\t}\n\n}\n",
            "template": "package main\n\nimport (\n\t\"fmt\"\n\t\"net/http\"\n)\n\nvar link = \"${url_instancia}\"\n\nfunc main() {\n\n\tsite := (\"https://\" + link)\n\tresposta, _ := http.Get(site)\n\n\tif resposta.StatusCode == 200 {\n\t\tfmt.Println(\"Acesso está OK! \\n --- \\n\", resposta)\n\t} else {\n\t\tfmt.Println(\"Falha ao acessar: \\n --- \\n\", resposta)\n\t}\n\n}\n",
            "vars": {
              "url_instancia": "35.239.171.109"
            }
          },
          "sensitive_attributes": []
        }
      ]
    },
    {
      "mode": "managed",
      "type": "google_compute_instance",
      "name": "instancia-teste",
      "provider": "provider[\"registry.terraform.io/hashicorp/google\"]",
      "instances": [
        {
          "schema_version": 6,
          "attributes": {
            "advanced_machine_features": [],
            "allow_stopping_for_update": null,
            "attached_disk": [],
            "boot_disk": [
              {
                "auto_delete": true,
                "device_name": "persistent-disk-0",
                "disk_encryption_key_raw": "",
                "disk_encryption_key_sha256": "",
                "initialize_params": [
                  {
                    "image": "https://www.googleapis.com/compute/v1/projects/windows-cloud/global/images/windows-server-20h2-dc-core-v20220414",
                    "labels": {},
                    "size": 40,
                    "type": "pd-standard"
                  }
                ],
                "kms_key_self_link": "",
                "mode": "READ_WRITE",
                "source": "https://www.googleapis.com/compute/v1/projects/develop-348618/zones/us-central1-a/disks/iis-lab-test1"
              }
            ],
            "can_ip_forward": false,
            "confidential_instance_config": [],
            "cpu_platform": "Intel Cascade Lake",
            "current_status": "RUNNING",
            "deletion_protection": false,
            "description": "",
            "desired_status": null,
            "enable_display": false,
            "guest_accelerator": [],
            "hostname": "",
            "id": "projects/develop-348618/zones/us-central1-a/instances/iis-lab-test1",
            "instance_id": "2278173724959585567",
            "label_fingerprint": "42WmSpB8rSM=",
            "labels": null,
            "machine_type": "n2-highcpu-4",
            "metadata": null,
            "metadata_fingerprint": "UgkmwVyfxJ0=",
            "metadata_startup_script": null,
            "min_cpu_platform": "",
            "name": "iis-lab-test1",
            "network_interface": [
              {
                "access_config": [
                  {
                    "nat_ip": "35.239.171.109",
                    "network_tier": "PREMIUM",
                    "public_ptr_domain_name": ""
                  }
                ],
                "alias_ip_range": [],
                "ipv6_access_config": [],
                "ipv6_access_type": "",
                "name": "nic0",
                "network": "https://www.googleapis.com/compute/v1/projects/develop-348618/global/networks/default",
                "network_ip": "10.128.0.19",
                "nic_type": "",
                "queue_count": 0,
                "stack_type": "IPV4_ONLY",
                "subnetwork": "https://www.googleapis.com/compute/v1/projects/develop-348618/regions/us-central1/subnetworks/default",
                "subnetwork_project": "develop-348618"
              }
            ],
            "project": "develop-348618",
            "reservation_affinity": [],
            "resource_policies": null,
            "scheduling": [
              {
                "automatic_restart": true,
                "min_node_cpus": 0,
                "node_affinities": [],
                "on_host_maintenance": "MIGRATE",
                "preemptible": false
              }
            ],
            "scratch_disk": [],
            "self_link": "https://www.googleapis.com/compute/v1/projects/develop-348618/zones/us-central1-a/instances/iis-lab-test1",
            "service_account": [
              {
                "email": "197441797663-compute@developer.gserviceaccount.com",
                "scopes": [
                  "https://www.googleapis.com/auth/compute.readonly",
                  "https://www.googleapis.com/auth/devstorage.read_only",
                  "https://www.googleapis.com/auth/userinfo.email"
                ]
              }
            ],
            "shielded_instance_config": [
              {
                "enable_integrity_monitoring": true,
                "enable_secure_boot": false,
                "enable_vtpm": true
              }
            ],
            "tags": null,
            "tags_fingerprint": "42WmSpB8rSM=",
            "timeouts": null,
            "zone": "us-central1-a"
          },
          "sensitive_attributes": [],
          "private": "eyJlMmJmYjczMC1lY2FhLTExZTYtOGY4OC0zNDM2M2JjN2M0YzAiOnsiY3JlYXRlIjoxMjAwMDAwMDAwMDAwLCJkZWxldGUiOjEyMDAwMDAwMDAwMDAsInVwZGF0ZSI6MTIwMDAwMDAwMDAwMH0sInNjaGVtYV92ZXJzaW9uIjoiNiJ9"
        }
      ]
    },
    {
      "mode": "managed",
      "type": "local_file",
      "name": "monitora",
      "provider": "provider[\"registry.terraform.io/hashicorp/local\"]",
      "instances": [
        {
          "schema_version": 0,
          "attributes": {
            "content": "package main\n\nimport (\n\t\"fmt\"\n\t\"net/http\"\n)\n\nvar link = \"35.239.171.109\"\n\nfunc main() {\n\n\tsite := (\"https://\" + link)\n\tresposta, _ := http.Get(site)\n\n\tif resposta.StatusCode == 200 {\n\t\tfmt.Println(\"Acesso está OK! \\n --- \\n\", resposta)\n\t} else {\n\t\tfmt.Println(\"Falha ao acessar: \\n --- \\n\", resposta)\n\t}\n\n}\n",
            "content_base64": null,
            "directory_permission": "0777",
            "file_permission": "0777",
            "filename": "./monitora.go",
            "id": "6b1f0c7448a1d472b8ced189549a713a34761957",
            "sensitive_content": null,
            "source": null
          },
          "sensitive_attributes": [],
          "private": "bnVsbA==",
          "dependencies": [
            "data.template_file.script-monitora",
            "google_compute_instance.instancia-teste"
          ]
        }
      ]
    }
  ]
}
